
Microsoft Visual Studio Solution File, Format Version 12.00
# Visual Studio 14
VisualStudioVersion = 14.0.25123.0
MinimumVisualStudioVersion = 10.0.40219.1
Project("{F184B08F-C81C-45F6-A57F-5ABD9991F28F}") = "CalcModule", "CalcModule\CalcModule.vbproj", "{E3CAFD18-4A7A-44BD-95E0-FFFA41D14F53}"
EndProject
Project("{FAE04EC0-301F-11D3-BF4B-00C04F79EFBC}") = "CommonClasses", "CommonClasses\CommonClasses.csproj", "{FA0BB81E-10F9-461E-97C7-640BCD47835C}"
EndProject
Project("{2150E333-8FDC-42A3-9474-1A3956D46DE8}") = "Tests", "Tests", "{E9C27ED4-BF99-4B16-AA68-7C10329840E0}"
EndProject
Project("{FAE04EC0-301F-11D3-BF4B-00C04F79EFBC}") = "UnitTestProject", "UnitTestProject\UnitTestProject.csproj", "{C93DD149-E4A7-4CCE-A644-7C6EBF310D99}"
EndProject
Project("{FAE04EC0-301F-11D3-BF4B-00C04F79EFBC}") = "DiplomApi", "DiplomApi\DiplomApi.csproj", "{F33D64B2-EE01-42E1-933C-347FC277397B}"
EndProject
Project("{2150E333-8FDC-42A3-9474-1A3956D46DE8}") = "PublishScripts", "PublishScripts", "{191A3955-E115-4149-B2BB-0752A9F2434B}"
EndProject
Project("{2150E333-8FDC-42A3-9474-1A3956D46DE8}") = "Scripts", "Scripts", "{D48D456C-42D7-40D9-AC0A-8156D1C1CF09}"
	ProjectSection(SolutionItems) = preProject
		PublishScripts\Scripts\Deploy-AzureResourceGroup.ps1 = PublishScripts\Scripts\Deploy-AzureResourceGroup.ps1
	EndProjectSection
EndProject
Project("{2150E333-8FDC-42A3-9474-1A3956D46DE8}") = "Templates", "Templates", "{7265A21C-8B4D-49F3-941E-BCAA2B4CDE88}"
	ProjectSection(SolutionItems) = preProject
		PublishScripts\Templates\DiplomApi.json = PublishScripts\Templates\DiplomApi.json
		PublishScripts\Templates\DiplomApi.param.dev.json = PublishScripts\Templates\DiplomApi.param.dev.json
	EndProjectSection
EndProject
Project("{2150E333-8FDC-42A3-9474-1A3956D46DE8}") = "XForms", "XForms", "{1BD419B8-CA93-47C2-84F9-AC7EA14AC41D}"
EndProject
Project("{FAE04EC0-301F-11D3-BF4B-00C04F79EFBC}") = "DiplomApp.Droid", "DiplomApp\DiplomApp.Droid\DiplomApp.Droid.csproj", "{F7FF665C-27EC-4BF3-84E4-A5569A8CCC5D}"
EndProject
Project("{FAE04EC0-301F-11D3-BF4B-00C04F79EFBC}") = "DiplomApp.iOS", "DiplomApp\DiplomApp.iOS\DiplomApp.iOS.csproj", "{D9BA3FF4-1A5F-4CD0-9F89-E47168BFC20C}"
EndProject
Project("{FAE04EC0-301F-11D3-BF4B-00C04F79EFBC}") = "DiplomApp.WinPhone", "DiplomApp\DiplomApp.WinPhone\DiplomApp.WinPhone.csproj", "{1A9F0A19-526E-4706-912E-C94C72DBE4ED}"
EndProject
Project("{FAE04EC0-301F-11D3-BF4B-00C04F79EFBC}") = "DiplomApp.UWP", "DiplomApp\DiplomApp.UWP\DiplomApp.UWP.csproj", "{BFDC4E07-F1D0-46FB-B48C-D744DA95D545}"
EndProject
Project("{FAE04EC0-301F-11D3-BF4B-00C04F79EFBC}") = "DiplomApp.Windows", "DiplomApp\DiplomApp.Windows\DiplomApp.Windows.csproj", "{DA41EC59-4FE8-4696-B5B6-39ABBD690FBE}"
EndProject
Project("{FAE04EC0-301F-11D3-BF4B-00C04F79EFBC}") = "DiplomApp", "DiplomApp\DiplomApp\DiplomApp.csproj", "{5D771079-D58F-479B-92A7-2249D100C66B}"
EndProject
Global
	GlobalSection(SolutionConfigurationPlatforms) = preSolution
		Ad-Hoc|Any CPU = Ad-Hoc|Any CPU
		Ad-Hoc|ARM = Ad-Hoc|ARM
		Ad-Hoc|iPhone = Ad-Hoc|iPhone
		Ad-Hoc|iPhoneSimulator = Ad-Hoc|iPhoneSimulator
		Ad-Hoc|x64 = Ad-Hoc|x64
		Ad-Hoc|x86 = Ad-Hoc|x86
		AppStore|Any CPU = AppStore|Any CPU
		AppStore|ARM = AppStore|ARM
		AppStore|iPhone = AppStore|iPhone
		AppStore|iPhoneSimulator = AppStore|iPhoneSimulator
		AppStore|x64 = AppStore|x64
		AppStore|x86 = AppStore|x86
		Debug|Any CPU = Debug|Any CPU
		Debug|ARM = Debug|ARM
		Debug|iPhone = Debug|iPhone
		Debug|iPhoneSimulator = Debug|iPhoneSimulator
		Debug|x64 = Debug|x64
		Debug|x86 = Debug|x86
		Release|Any CPU = Release|Any CPU
		Release|ARM = Release|ARM
		Release|iPhone = Release|iPhone
		Release|iPhoneSimulator = Release|iPhoneSimulator
		Release|x64 = Release|x64
		Release|x86 = Release|x86
	EndGlobalSection
	GlobalSection(ProjectConfigurationPlatforms) = postSolution
		{E3CAFD18-4A7A-44BD-95E0-FFFA41D14F53}.Ad-Hoc|Any CPU.ActiveCfg = Release|Any CPU
		{E3CAFD18-4A7A-44BD-95E0-FFFA41D14F53}.Ad-Hoc|Any CPU.Build.0 = Release|Any CPU
		{E3CAFD18-4A7A-44BD-95E0-FFFA41D14F53}.Ad-Hoc|ARM.ActiveCfg = Release|Any CPU
		{E3CAFD18-4A7A-44BD-95E0-FFFA41D14F53}.Ad-Hoc|ARM.Build.0 = Release|Any CPU
		{E3CAFD18-4A7A-44BD-95E0-FFFA41D14F53}.Ad-Hoc|iPhone.ActiveCfg = Release|Any CPU
		{E3CAFD18-4A7A-44BD-95E0-FFFA41D14F53}.Ad-Hoc|iPhone.Build.0 = Release|Any CPU
		{E3CAFD18-4A7A-44BD-95E0-FFFA41D14F53}.Ad-Hoc|iPhoneSimulator.ActiveCfg = Release|Any CPU
		{E3CAFD18-4A7A-44BD-95E0-FFFA41D14F53}.Ad-Hoc|iPhoneSimulator.Build.0 = Release|Any CPU
		{E3CAFD18-4A7A-44BD-95E0-FFFA41D14F53}.Ad-Hoc|x64.ActiveCfg = Release|Any CPU
		{E3CAFD18-4A7A-44BD-95E0-FFFA41D14F53}.Ad-Hoc|x64.Build.0 = Release|Any CPU
		{E3CAFD18-4A7A-44BD-95E0-FFFA41D14F53}.Ad-Hoc|x86.ActiveCfg = Release|Any CPU
		{E3CAFD18-4A7A-44BD-95E0-FFFA41D14F53}.Ad-Hoc|x86.Build.0 = Release|Any CPU
		{E3CAFD18-4A7A-44BD-95E0-FFFA41D14F53}.AppStore|Any CPU.ActiveCfg = Release|Any CPU
		{E3CAFD18-4A7A-44BD-95E0-FFFA41D14F53}.AppStore|Any CPU.Build.0 = Release|Any CPU
		{E3CAFD18-4A7A-44BD-95E0-FFFA41D14F53}.AppStore|ARM.ActiveCfg = Release|Any CPU
		{E3CAFD18-4A7A-44BD-95E0-FFFA41D14F53}.AppStore|ARM.Build.0 = Release|Any CPU
		{E3CAFD18-4A7A-44BD-95E0-FFFA41D14F53}.AppStore|iPhone.ActiveCfg = Release|Any CPU
		{E3CAFD18-4A7A-44BD-95E0-FFFA41D14F53}.AppStore|iPhone.Build.0 = Release|Any CPU
		{E3CAFD18-4A7A-44BD-95E0-FFFA41D14F53}.AppStore|iPhoneSimulator.ActiveCfg = Release|Any CPU
		{E3CAFD18-4A7A-44BD-95E0-FFFA41D14F53}.AppStore|iPhoneSimulator.Build.0 = Release|Any CPU
		{E3CAFD18-4A7A-44BD-95E0-FFFA41D14F53}.AppStore|x64.ActiveCfg = Release|Any CPU
		{E3CAFD18-4A7A-44BD-95E0-FFFA41D14F53}.AppStore|x64.Build.0 = Release|Any CPU
		{E3CAFD18-4A7A-44BD-95E0-FFFA41D14F53}.AppStore|x86.ActiveCfg = Release|Any CPU
		{E3CAFD18-4A7A-44BD-95E0-FFFA41D14F53}.AppStore|x86.Build.0 = Release|Any CPU
		{E3CAFD18-4A7A-44BD-95E0-FFFA41D14F53}.Debug|Any CPU.ActiveCfg = Debug|Any CPU
		{E3CAFD18-4A7A-44BD-95E0-FFFA41D14F53}.Debug|Any CPU.Build.0 = Debug|Any CPU
		{E3CAFD18-4A7A-44BD-95E0-FFFA41D14F53}.Debug|ARM.ActiveCfg = Debug|Any CPU
		{E3CAFD18-4A7A-44BD-95E0-FFFA41D14F53}.Debug|ARM.Build.0 = Debug|Any CPU
		{E3CAFD18-4A7A-44BD-95E0-FFFA41D14F53}.Debug|iPhone.ActiveCfg = Debug|Any CPU
		{E3CAFD18-4A7A-44BD-95E0-FFFA41D14F53}.Debug|iPhone.Build.0 = Debug|Any CPU
		{E3CAFD18-4A7A-44BD-95E0-FFFA41D14F53}.Debug|iPhoneSimulator.ActiveCfg = Debug|Any CPU
		{E3CAFD18-4A7A-44BD-95E0-FFFA41D14F53}.Debug|iPhoneSimulator.Build.0 = Debug|Any CPU
		{E3CAFD18-4A7A-44BD-95E0-FFFA41D14F53}.Debug|x64.ActiveCfg = Debug|Any CPU
		{E3CAFD18-4A7A-44BD-95E0-FFFA41D14F53}.Debug|x64.Build.0 = Debug|Any CPU
		{E3CAFD18-4A7A-44BD-95E0-FFFA41D14F53}.Debug|x86.ActiveCfg = Debug|Any CPU
		{E3CAFD18-4A7A-44BD-95E0-FFFA41D14F53}.Debug|x86.Build.0 = Debug|Any CPU
		{E3CAFD18-4A7A-44BD-95E0-FFFA41D14F53}.Release|Any CPU.ActiveCfg = Release|Any CPU
		{E3CAFD18-4A7A-44BD-95E0-FFFA41D14F53}.Release|Any CPU.Build.0 = Release|Any CPU
		{E3CAFD18-4A7A-44BD-95E0-FFFA41D14F53}.Release|ARM.ActiveCfg = Release|Any CPU
		{E3CAFD18-4A7A-44BD-95E0-FFFA41D14F53}.Release|ARM.Build.0 = Release|Any CPU
		{E3CAFD18-4A7A-44BD-95E0-FFFA41D14F53}.Release|iPhone.ActiveCfg = Release|Any CPU
		{E3CAFD18-4A7A-44BD-95E0-FFFA41D14F53}.Release|iPhone.Build.0 = Release|Any CPU
		{E3CAFD18-4A7A-44BD-95E0-FFFA41D14F53}.Release|iPhoneSimulator.ActiveCfg = Release|Any CPU
		{E3CAFD18-4A7A-44BD-95E0-FFFA41D14F53}.Release|iPhoneSimulator.Build.0 = Release|Any CPU
		{E3CAFD18-4A7A-44BD-95E0-FFFA41D14F53}.Release|x64.ActiveCfg = Release|Any CPU
		{E3CAFD18-4A7A-44BD-95E0-FFFA41D14F53}.Release|x64.Build.0 = Release|Any CPU
		{E3CAFD18-4A7A-44BD-95E0-FFFA41D14F53}.Release|x86.ActiveCfg = Release|Any CPU
		{E3CAFD18-4A7A-44BD-95E0-FFFA41D14F53}.Release|x86.Build.0 = Release|Any CPU
		{FA0BB81E-10F9-461E-97C7-640BCD47835C}.Ad-Hoc|Any CPU.ActiveCfg = Release|Any CPU
		{FA0BB81E-10F9-461E-97C7-640BCD47835C}.Ad-Hoc|Any CPU.Build.0 = Release|Any CPU
		{FA0BB81E-10F9-461E-97C7-640BCD47835C}.Ad-Hoc|ARM.ActiveCfg = Release|Any CPU
		{FA0BB81E-10F9-461E-97C7-640BCD47835C}.Ad-Hoc|ARM.Build.0 = Release|Any CPU
		{FA0BB81E-10F9-461E-97C7-640BCD47835C}.Ad-Hoc|iPhone.ActiveCfg = Release|Any CPU
		{FA0BB81E-10F9-461E-97C7-640BCD47835C}.Ad-Hoc|iPhone.Build.0 = Release|Any CPU
		{FA0BB81E-10F9-461E-97C7-640BCD47835C}.Ad-Hoc|iPhoneSimulator.ActiveCfg = Release|Any CPU
		{FA0BB81E-10F9-461E-97C7-640BCD47835C}.Ad-Hoc|iPhoneSimulator.Build.0 = Release|Any CPU
		{FA0BB81E-10F9-461E-97C7-640BCD47835C}.Ad-Hoc|x64.ActiveCfg = Release|Any CPU
		{FA0BB81E-10F9-461E-97C7-640BCD47835C}.Ad-Hoc|x64.Build.0 = Release|Any CPU
		{FA0BB81E-10F9-461E-97C7-640BCD47835C}.Ad-Hoc|x86.ActiveCfg = Release|Any CPU
		{FA0BB81E-10F9-461E-97C7-640BCD47835C}.Ad-Hoc|x86.Build.0 = Release|Any CPU
		{FA0BB81E-10F9-461E-97C7-640BCD47835C}.AppStore|Any CPU.ActiveCfg = Release|Any CPU
		{FA0BB81E-10F9-461E-97C7-640BCD47835C}.AppStore|Any CPU.Build.0 = Release|Any CPU
		{FA0BB81E-10F9-461E-97C7-640BCD47835C}.AppStore|ARM.ActiveCfg = Release|Any CPU
		{FA0BB81E-10F9-461E-97C7-640BCD47835C}.AppStore|ARM.Build.0 = Release|Any CPU
		{FA0BB81E-10F9-461E-97C7-640BCD47835C}.AppStore|iPhone.ActiveCfg = Release|Any CPU
		{FA0BB81E-10F9-461E-97C7-640BCD47835C}.AppStore|iPhone.Build.0 = Release|Any CPU
		{FA0BB81E-10F9-461E-97C7-640BCD47835C}.AppStore|iPhoneSimulator.ActiveCfg = Release|Any CPU
		{FA0BB81E-10F9-461E-97C7-640BCD47835C}.AppStore|iPhoneSimulator.Build.0 = Release|Any CPU
		{FA0BB81E-10F9-461E-97C7-640BCD47835C}.AppStore|x64.ActiveCfg = Release|Any CPU
		{FA0BB81E-10F9-461E-97C7-640BCD47835C}.AppStore|x64.Build.0 = Release|Any CPU
		{FA0BB81E-10F9-461E-97C7-640BCD47835C}.AppStore|x86.ActiveCfg = Release|Any CPU
		{FA0BB81E-10F9-461E-97C7-640BCD47835C}.AppStore|x86.Build.0 = Release|Any CPU
		{FA0BB81E-10F9-461E-97C7-640BCD47835C}.Debug|Any CPU.ActiveCfg = Debug|Any CPU
		{FA0BB81E-10F9-461E-97C7-640BCD47835C}.Debug|Any CPU.Build.0 = Debug|Any CPU
		{FA0BB81E-10F9-461E-97C7-640BCD47835C}.Debug|ARM.ActiveCfg = Debug|Any CPU
		{FA0BB81E-10F9-461E-97C7-640BCD47835C}.Debug|ARM.Build.0 = Debug|Any CPU
		{FA0BB81E-10F9-461E-97C7-640BCD47835C}.Debug|iPhone.ActiveCfg = Debug|Any CPU
		{FA0BB81E-10F9-461E-97C7-640BCD47835C}.Debug|iPhone.Build.0 = Debug|Any CPU
		{FA0BB81E-10F9-461E-97C7-640BCD47835C}.Debug|iPhoneSimulator.ActiveCfg = Debug|Any CPU
		{FA0BB81E-10F9-461E-97C7-640BCD47835C}.Debug|iPhoneSimulator.Build.0 = Debug|Any CPU
		{FA0BB81E-10F9-461E-97C7-640BCD47835C}.Debug|x64.ActiveCfg = Debug|Any CPU
		{FA0BB81E-10F9-461E-97C7-640BCD47835C}.Debug|x64.Build.0 = Debug|Any CPU
		{FA0BB81E-10F9-461E-97C7-640BCD47835C}.Debug|x86.ActiveCfg = Debug|Any CPU
		{FA0BB81E-10F9-461E-97C7-640BCD47835C}.Debug|x86.Build.0 = Debug|Any CPU
		{FA0BB81E-10F9-461E-97C7-640BCD47835C}.Release|Any CPU.ActiveCfg = Release|Any CPU
		{FA0BB81E-10F9-461E-97C7-640BCD47835C}.Release|Any CPU.Build.0 = Release|Any CPU
		{FA0BB81E-10F9-461E-97C7-640BCD47835C}.Release|ARM.ActiveCfg = Release|Any CPU
		{FA0BB81E-10F9-461E-97C7-640BCD47835C}.Release|ARM.Build.0 = Release|Any CPU
		{FA0BB81E-10F9-461E-97C7-640BCD47835C}.Release|iPhone.ActiveCfg = Release|Any CPU
		{FA0BB81E-10F9-461E-97C7-640BCD47835C}.Release|iPhone.Build.0 = Release|Any CPU
		{FA0BB81E-10F9-461E-97C7-640BCD47835C}.Release|iPhoneSimulator.ActiveCfg = Release|Any CPU
		{FA0BB81E-10F9-461E-97C7-640BCD47835C}.Release|iPhoneSimulator.Build.0 = Release|Any CPU
		{FA0BB81E-10F9-461E-97C7-640BCD47835C}.Release|x64.ActiveCfg = Release|Any CPU
		{FA0BB81E-10F9-461E-97C7-640BCD47835C}.Release|x64.Build.0 = Release|Any CPU
		{FA0BB81E-10F9-461E-97C7-640BCD47835C}.Release|x86.ActiveCfg = Release|Any CPU
		{FA0BB81E-10F9-461E-97C7-640BCD47835C}.Release|x86.Build.0 = Release|Any CPU
		{C93DD149-E4A7-4CCE-A644-7C6EBF310D99}.Ad-Hoc|Any CPU.ActiveCfg = Release|Any CPU
		{C93DD149-E4A7-4CCE-A644-7C6EBF310D99}.Ad-Hoc|Any CPU.Build.0 = Release|Any CPU
		{C93DD149-E4A7-4CCE-A644-7C6EBF310D99}.Ad-Hoc|ARM.ActiveCfg = Release|Any CPU
		{C93DD149-E4A7-4CCE-A644-7C6EBF310D99}.Ad-Hoc|ARM.Build.0 = Release|Any CPU
		{C93DD149-E4A7-4CCE-A644-7C6EBF310D99}.Ad-Hoc|iPhone.ActiveCfg = Release|Any CPU
		{C93DD149-E4A7-4CCE-A644-7C6EBF310D99}.Ad-Hoc|iPhone.Build.0 = Release|Any CPU
		{C93DD149-E4A7-4CCE-A644-7C6EBF310D99}.Ad-Hoc|iPhoneSimulator.ActiveCfg = Release|Any CPU
		{C93DD149-E4A7-4CCE-A644-7C6EBF310D99}.Ad-Hoc|iPhoneSimulator.Build.0 = Release|Any CPU
		{C93DD149-E4A7-4CCE-A644-7C6EBF310D99}.Ad-Hoc|x64.ActiveCfg = Release|Any CPU
		{C93DD149-E4A7-4CCE-A644-7C6EBF310D99}.Ad-Hoc|x64.Build.0 = Release|Any CPU
		{C93DD149-E4A7-4CCE-A644-7C6EBF310D99}.Ad-Hoc|x86.ActiveCfg = Release|Any CPU
		{C93DD149-E4A7-4CCE-A644-7C6EBF310D99}.Ad-Hoc|x86.Build.0 = Release|Any CPU
		{C93DD149-E4A7-4CCE-A644-7C6EBF310D99}.AppStore|Any CPU.ActiveCfg = Release|Any CPU
		{C93DD149-E4A7-4CCE-A644-7C6EBF310D99}.AppStore|Any CPU.Build.0 = Release|Any CPU
		{C93DD149-E4A7-4CCE-A644-7C6EBF310D99}.AppStore|ARM.ActiveCfg = Release|Any CPU
		{C93DD149-E4A7-4CCE-A644-7C6EBF310D99}.AppStore|ARM.Build.0 = Release|Any CPU
		{C93DD149-E4A7-4CCE-A644-7C6EBF310D99}.AppStore|iPhone.ActiveCfg = Release|Any CPU
		{C93DD149-E4A7-4CCE-A644-7C6EBF310D99}.AppStore|iPhone.Build.0 = Release|Any CPU
		{C93DD149-E4A7-4CCE-A644-7C6EBF310D99}.AppStore|iPhoneSimulator.ActiveCfg = Release|Any CPU
		{C93DD149-E4A7-4CCE-A644-7C6EBF310D99}.AppStore|iPhoneSimulator.Build.0 = Release|Any CPU
		{C93DD149-E4A7-4CCE-A644-7C6EBF310D99}.AppStore|x64.ActiveCfg = Release|Any CPU
		{C93DD149-E4A7-4CCE-A644-7C6EBF310D99}.AppStore|x64.Build.0 = Release|Any CPU
		{C93DD149-E4A7-4CCE-A644-7C6EBF310D99}.AppStore|x86.ActiveCfg = Release|Any CPU
		{C93DD149-E4A7-4CCE-A644-7C6EBF310D99}.AppStore|x86.Build.0 = Release|Any CPU
		{C93DD149-E4A7-4CCE-A644-7C6EBF310D99}.Debug|Any CPU.ActiveCfg = Debug|Any CPU
		{C93DD149-E4A7-4CCE-A644-7C6EBF310D99}.Debug|Any CPU.Build.0 = Debug|Any CPU
		{C93DD149-E4A7-4CCE-A644-7C6EBF310D99}.Debug|ARM.ActiveCfg = Debug|Any CPU
		{C93DD149-E4A7-4CCE-A644-7C6EBF310D99}.Debug|ARM.Build.0 = Debug|Any CPU
		{C93DD149-E4A7-4CCE-A644-7C6EBF310D99}.Debug|iPhone.ActiveCfg = Debug|Any CPU
		{C93DD149-E4A7-4CCE-A644-7C6EBF310D99}.Debug|iPhone.Build.0 = Debug|Any CPU
		{C93DD149-E4A7-4CCE-A644-7C6EBF310D99}.Debug|iPhoneSimulator.ActiveCfg = Debug|Any CPU
		{C93DD149-E4A7-4CCE-A644-7C6EBF310D99}.Debug|iPhoneSimulator.Build.0 = Debug|Any CPU
		{C93DD149-E4A7-4CCE-A644-7C6EBF310D99}.Debug|x64.ActiveCfg = Debug|Any CPU
		{C93DD149-E4A7-4CCE-A644-7C6EBF310D99}.Debug|x64.Build.0 = Debug|Any CPU
		{C93DD149-E4A7-4CCE-A644-7C6EBF310D99}.Debug|x86.ActiveCfg = Debug|Any CPU
		{C93DD149-E4A7-4CCE-A644-7C6EBF310D99}.Debug|x86.Build.0 = Debug|Any CPU
		{C93DD149-E4A7-4CCE-A644-7C6EBF310D99}.Release|Any CPU.ActiveCfg = Release|Any CPU
		{C93DD149-E4A7-4CCE-A644-7C6EBF310D99}.Release|Any CPU.Build.0 = Release|Any CPU
		{C93DD149-E4A7-4CCE-A644-7C6EBF310D99}.Release|ARM.ActiveCfg = Release|Any CPU
		{C93DD149-E4A7-4CCE-A644-7C6EBF310D99}.Release|ARM.Build.0 = Release|Any CPU
		{C93DD149-E4A7-4CCE-A644-7C6EBF310D99}.Release|iPhone.ActiveCfg = Release|Any CPU
		{C93DD149-E4A7-4CCE-A644-7C6EBF310D99}.Release|iPhone.Build.0 = Release|Any CPU
		{C93DD149-E4A7-4CCE-A644-7C6EBF310D99}.Release|iPhoneSimulator.ActiveCfg = Release|Any CPU
		{C93DD149-E4A7-4CCE-A644-7C6EBF310D99}.Release|iPhoneSimulator.Build.0 = Release|Any CPU
		{C93DD149-E4A7-4CCE-A644-7C6EBF310D99}.Release|x64.ActiveCfg = Release|Any CPU
		{C93DD149-E4A7-4CCE-A644-7C6EBF310D99}.Release|x64.Build.0 = Release|Any CPU
		{C93DD149-E4A7-4CCE-A644-7C6EBF310D99}.Release|x86.ActiveCfg = Release|Any CPU
		{C93DD149-E4A7-4CCE-A644-7C6EBF310D99}.Release|x86.Build.0 = Release|Any CPU
		{F33D64B2-EE01-42E1-933C-347FC277397B}.Ad-Hoc|Any CPU.ActiveCfg = Release|Any CPU
		{F33D64B2-EE01-42E1-933C-347FC277397B}.Ad-Hoc|Any CPU.Build.0 = Release|Any CPU
		{F33D64B2-EE01-42E1-933C-347FC277397B}.Ad-Hoc|ARM.ActiveCfg = Release|Any CPU
		{F33D64B2-EE01-42E1-933C-347FC277397B}.Ad-Hoc|ARM.Build.0 = Release|Any CPU
		{F33D64B2-EE01-42E1-933C-347FC277397B}.Ad-Hoc|iPhone.ActiveCfg = Release|Any CPU
		{F33D64B2-EE01-42E1-933C-347FC277397B}.Ad-Hoc|iPhone.Build.0 = Release|Any CPU
		{F33D64B2-EE01-42E1-933C-347FC277397B}.Ad-Hoc|iPhoneSimulator.ActiveCfg = Release|Any CPU
		{F33D64B2-EE01-42E1-933C-347FC277397B}.Ad-Hoc|iPhoneSimulator.Build.0 = Release|Any CPU
		{F33D64B2-EE01-42E1-933C-347FC277397B}.Ad-Hoc|x64.ActiveCfg = Release|Any CPU
		{F33D64B2-EE01-42E1-933C-347FC277397B}.Ad-Hoc|x64.Build.0 = Release|Any CPU
		{F33D64B2-EE01-42E1-933C-347FC277397B}.Ad-Hoc|x86.ActiveCfg = Release|Any CPU
		{F33D64B2-EE01-42E1-933C-347FC277397B}.Ad-Hoc|x86.Build.0 = Release|Any CPU
		{F33D64B2-EE01-42E1-933C-347FC277397B}.AppStore|Any CPU.ActiveCfg = Release|Any CPU
		{F33D64B2-EE01-42E1-933C-347FC277397B}.AppStore|Any CPU.Build.0 = Release|Any CPU
		{F33D64B2-EE01-42E1-933C-347FC277397B}.AppStore|ARM.ActiveCfg = Release|Any CPU
		{F33D64B2-EE01-42E1-933C-347FC277397B}.AppStore|ARM.Build.0 = Release|Any CPU
		{F33D64B2-EE01-42E1-933C-347FC277397B}.AppStore|iPhone.ActiveCfg = Release|Any CPU
		{F33D64B2-EE01-42E1-933C-347FC277397B}.AppStore|iPhone.Build.0 = Release|Any CPU
		{F33D64B2-EE01-42E1-933C-347FC277397B}.AppStore|iPhoneSimulator.ActiveCfg = Release|Any CPU
		{F33D64B2-EE01-42E1-933C-347FC277397B}.AppStore|iPhoneSimulator.Build.0 = Release|Any CPU
		{F33D64B2-EE01-42E1-933C-347FC277397B}.AppStore|x64.ActiveCfg = Release|Any CPU
		{F33D64B2-EE01-42E1-933C-347FC277397B}.AppStore|x64.Build.0 = Release|Any CPU
		{F33D64B2-EE01-42E1-933C-347FC277397B}.AppStore|x86.ActiveCfg = Release|Any CPU
		{F33D64B2-EE01-42E1-933C-347FC277397B}.AppStore|x86.Build.0 = Release|Any CPU
		{F33D64B2-EE01-42E1-933C-347FC277397B}.Debug|Any CPU.ActiveCfg = Debug|Any CPU
		{F33D64B2-EE01-42E1-933C-347FC277397B}.Debug|Any CPU.Build.0 = Debug|Any CPU
		{F33D64B2-EE01-42E1-933C-347FC277397B}.Debug|ARM.ActiveCfg = Debug|Any CPU
		{F33D64B2-EE01-42E1-933C-347FC277397B}.Debug|ARM.Build.0 = Debug|Any CPU
		{F33D64B2-EE01-42E1-933C-347FC277397B}.Debug|iPhone.ActiveCfg = Debug|Any CPU
		{F33D64B2-EE01-42E1-933C-347FC277397B}.Debug|iPhone.Build.0 = Debug|Any CPU
		{F33D64B2-EE01-42E1-933C-347FC277397B}.Debug|iPhoneSimulator.ActiveCfg = Debug|Any CPU
		{F33D64B2-EE01-42E1-933C-347FC277397B}.Debug|iPhoneSimulator.Build.0 = Debug|Any CPU
		{F33D64B2-EE01-42E1-933C-347FC277397B}.Debug|x64.ActiveCfg = Debug|Any CPU
		{F33D64B2-EE01-42E1-933C-347FC277397B}.Debug|x64.Build.0 = Debug|Any CPU
		{F33D64B2-EE01-42E1-933C-347FC277397B}.Debug|x86.ActiveCfg = Debug|Any CPU
		{F33D64B2-EE01-42E1-933C-347FC277397B}.Debug|x86.Build.0 = Debug|Any CPU
		{F33D64B2-EE01-42E1-933C-347FC277397B}.Release|Any CPU.ActiveCfg = Release|Any CPU
		{F33D64B2-EE01-42E1-933C-347FC277397B}.Release|Any CPU.Build.0 = Release|Any CPU
		{F33D64B2-EE01-42E1-933C-347FC277397B}.Release|ARM.ActiveCfg = Release|Any CPU
		{F33D64B2-EE01-42E1-933C-347FC277397B}.Release|ARM.Build.0 = Release|Any CPU
		{F33D64B2-EE01-42E1-933C-347FC277397B}.Release|iPhone.ActiveCfg = Release|Any CPU
		{F33D64B2-EE01-42E1-933C-347FC277397B}.Release|iPhone.Build.0 = Release|Any CPU
		{F33D64B2-EE01-42E1-933C-347FC277397B}.Release|iPhoneSimulator.ActiveCfg = Release|Any CPU
		{F33D64B2-EE01-42E1-933C-347FC277397B}.Release|iPhoneSimulator.Build.0 = Release|Any CPU
		{F33D64B2-EE01-42E1-933C-347FC277397B}.Release|x64.ActiveCfg = Release|Any CPU
		{F33D64B2-EE01-42E1-933C-347FC277397B}.Release|x64.Build.0 = Release|Any CPU
		{F33D64B2-EE01-42E1-933C-347FC277397B}.Release|x86.ActiveCfg = Release|Any CPU
		{F33D64B2-EE01-42E1-933C-347FC277397B}.Release|x86.Build.0 = Release|Any CPU
		{F7FF665C-27EC-4BF3-84E4-A5569A8CCC5D}.Ad-Hoc|Any CPU.ActiveCfg = Release|Any CPU
		{F7FF665C-27EC-4BF3-84E4-A5569A8CCC5D}.Ad-Hoc|Any CPU.Build.0 = Release|Any CPU
		{F7FF665C-27EC-4BF3-84E4-A5569A8CCC5D}.Ad-Hoc|Any CPU.Deploy.0 = Release|Any CPU
		{F7FF665C-27EC-4BF3-84E4-A5569A8CCC5D}.Ad-Hoc|ARM.ActiveCfg = Release|Any CPU
		{F7FF665C-27EC-4BF3-84E4-A5569A8CCC5D}.Ad-Hoc|ARM.Build.0 = Release|Any CPU
		{F7FF665C-27EC-4BF3-84E4-A5569A8CCC5D}.Ad-Hoc|ARM.Deploy.0 = Release|Any CPU
		{F7FF665C-27EC-4BF3-84E4-A5569A8CCC5D}.Ad-Hoc|iPhone.ActiveCfg = Release|Any CPU
		{F7FF665C-27EC-4BF3-84E4-A5569A8CCC5D}.Ad-Hoc|iPhone.Build.0 = Release|Any CPU
		{F7FF665C-27EC-4BF3-84E4-A5569A8CCC5D}.Ad-Hoc|iPhone.Deploy.0 = Release|Any CPU
		{F7FF665C-27EC-4BF3-84E4-A5569A8CCC5D}.Ad-Hoc|iPhoneSimulator.ActiveCfg = Release|Any CPU
		{F7FF665C-27EC-4BF3-84E4-A5569A8CCC5D}.Ad-Hoc|iPhoneSimulator.Build.0 = Release|Any CPU
		{F7FF665C-27EC-4BF3-84E4-A5569A8CCC5D}.Ad-Hoc|iPhoneSimulator.Deploy.0 = Release|Any CPU
		{F7FF665C-27EC-4BF3-84E4-A5569A8CCC5D}.Ad-Hoc|x64.ActiveCfg = Release|Any CPU
		{F7FF665C-27EC-4BF3-84E4-A5569A8CCC5D}.Ad-Hoc|x64.Build.0 = Release|Any CPU
		{F7FF665C-27EC-4BF3-84E4-A5569A8CCC5D}.Ad-Hoc|x64.Deploy.0 = Release|Any CPU
		{F7FF665C-27EC-4BF3-84E4-A5569A8CCC5D}.Ad-Hoc|x86.ActiveCfg = Release|Any CPU
		{F7FF665C-27EC-4BF3-84E4-A5569A8CCC5D}.Ad-Hoc|x86.Build.0 = Release|Any CPU
		{F7FF665C-27EC-4BF3-84E4-A5569A8CCC5D}.Ad-Hoc|x86.Deploy.0 = Release|Any CPU
		{F7FF665C-27EC-4BF3-84E4-A5569A8CCC5D}.AppStore|Any CPU.ActiveCfg = Release|Any CPU
		{F7FF665C-27EC-4BF3-84E4-A5569A8CCC5D}.AppStore|Any CPU.Build.0 = Release|Any CPU
		{F7FF665C-27EC-4BF3-84E4-A5569A8CCC5D}.AppStore|Any CPU.Deploy.0 = Release|Any CPU
		{F7FF665C-27EC-4BF3-84E4-A5569A8CCC5D}.AppStore|ARM.ActiveCfg = Release|Any CPU
		{F7FF665C-27EC-4BF3-84E4-A5569A8CCC5D}.AppStore|ARM.Build.0 = Release|Any CPU
		{F7FF665C-27EC-4BF3-84E4-A5569A8CCC5D}.AppStore|ARM.Deploy.0 = Release|Any CPU
		{F7FF665C-27EC-4BF3-84E4-A5569A8CCC5D}.AppStore|iPhone.ActiveCfg = Release|Any CPU
		{F7FF665C-27EC-4BF3-84E4-A5569A8CCC5D}.AppStore|iPhone.Build.0 = Release|Any CPU
		{F7FF665C-27EC-4BF3-84E4-A5569A8CCC5D}.AppStore|iPhone.Deploy.0 = Release|Any CPU
		{F7FF665C-27EC-4BF3-84E4-A5569A8CCC5D}.AppStore|iPhoneSimulator.ActiveCfg = Release|Any CPU
		{F7FF665C-27EC-4BF3-84E4-A5569A8CCC5D}.AppStore|iPhoneSimulator.Build.0 = Release|Any CPU
		{F7FF665C-27EC-4BF3-84E4-A5569A8CCC5D}.AppStore|iPhoneSimulator.Deploy.0 = Release|Any CPU
		{F7FF665C-27EC-4BF3-84E4-A5569A8CCC5D}.AppStore|x64.ActiveCfg = Release|Any CPU
		{F7FF665C-27EC-4BF3-84E4-A5569A8CCC5D}.AppStore|x64.Build.0 = Release|Any CPU
		{F7FF665C-27EC-4BF3-84E4-A5569A8CCC5D}.AppStore|x64.Deploy.0 = Release|Any CPU
		{F7FF665C-27EC-4BF3-84E4-A5569A8CCC5D}.AppStore|x86.ActiveCfg = Release|Any CPU
		{F7FF665C-27EC-4BF3-84E4-A5569A8CCC5D}.AppStore|x86.Build.0 = Release|Any CPU
		{F7FF665C-27EC-4BF3-84E4-A5569A8CCC5D}.AppStore|x86.Deploy.0 = Release|Any CPU
		{F7FF665C-27EC-4BF3-84E4-A5569A8CCC5D}.Debug|Any CPU.ActiveCfg = Debug|Any CPU
		{F7FF665C-27EC-4BF3-84E4-A5569A8CCC5D}.Debug|Any CPU.Build.0 = Debug|Any CPU
		{F7FF665C-27EC-4BF3-84E4-A5569A8CCC5D}.Debug|Any CPU.Deploy.0 = Debug|Any CPU
		{F7FF665C-27EC-4BF3-84E4-A5569A8CCC5D}.Debug|ARM.ActiveCfg = Debug|Any CPU
		{F7FF665C-27EC-4BF3-84E4-A5569A8CCC5D}.Debug|ARM.Build.0 = Debug|Any CPU
		{F7FF665C-27EC-4BF3-84E4-A5569A8CCC5D}.Debug|ARM.Deploy.0 = Debug|Any CPU
		{F7FF665C-27EC-4BF3-84E4-A5569A8CCC5D}.Debug|iPhone.ActiveCfg = Debug|Any CPU
		{F7FF665C-27EC-4BF3-84E4-A5569A8CCC5D}.Debug|iPhone.Build.0 = Debug|Any CPU
		{F7FF665C-27EC-4BF3-84E4-A5569A8CCC5D}.Debug|iPhone.Deploy.0 = Debug|Any CPU
		{F7FF665C-27EC-4BF3-84E4-A5569A8CCC5D}.Debug|iPhoneSimulator.ActiveCfg = Debug|Any CPU
		{F7FF665C-27EC-4BF3-84E4-A5569A8CCC5D}.Debug|iPhoneSimulator.Build.0 = Debug|Any CPU
		{F7FF665C-27EC-4BF3-84E4-A5569A8CCC5D}.Debug|iPhoneSimulator.Deploy.0 = Debug|Any CPU
		{F7FF665C-27EC-4BF3-84E4-A5569A8CCC5D}.Debug|x64.ActiveCfg = Debug|Any CPU
		{F7FF665C-27EC-4BF3-84E4-A5569A8CCC5D}.Debug|x64.Build.0 = Debug|Any CPU
		{F7FF665C-27EC-4BF3-84E4-A5569A8CCC5D}.Debug|x64.Deploy.0 = Debug|Any CPU
		{F7FF665C-27EC-4BF3-84E4-A5569A8CCC5D}.Debug|x86.ActiveCfg = Debug|Any CPU
		{F7FF665C-27EC-4BF3-84E4-A5569A8CCC5D}.Debug|x86.Build.0 = Debug|Any CPU
		{F7FF665C-27EC-4BF3-84E4-A5569A8CCC5D}.Debug|x86.Deploy.0 = Debug|Any CPU
		{F7FF665C-27EC-4BF3-84E4-A5569A8CCC5D}.Release|Any CPU.ActiveCfg = Release|Any CPU
		{F7FF665C-27EC-4BF3-84E4-A5569A8CCC5D}.Release|Any CPU.Build.0 = Release|Any CPU
		{F7FF665C-27EC-4BF3-84E4-A5569A8CCC5D}.Release|Any CPU.Deploy.0 = Release|Any CPU
		{F7FF665C-27EC-4BF3-84E4-A5569A8CCC5D}.Release|ARM.ActiveCfg = Release|Any CPU
		{F7FF665C-27EC-4BF3-84E4-A5569A8CCC5D}.Release|ARM.Build.0 = Release|Any CPU
		{F7FF665C-27EC-4BF3-84E4-A5569A8CCC5D}.Release|ARM.Deploy.0 = Release|Any CPU
		{F7FF665C-27EC-4BF3-84E4-A5569A8CCC5D}.Release|iPhone.ActiveCfg = Release|Any CPU
		{F7FF665C-27EC-4BF3-84E4-A5569A8CCC5D}.Release|iPhone.Build.0 = Release|Any CPU
		{F7FF665C-27EC-4BF3-84E4-A5569A8CCC5D}.Release|iPhone.Deploy.0 = Release|Any CPU
		{F7FF665C-27EC-4BF3-84E4-A5569A8CCC5D}.Release|iPhoneSimulator.ActiveCfg = Release|Any CPU
		{F7FF665C-27EC-4BF3-84E4-A5569A8CCC5D}.Release|iPhoneSimulator.Build.0 = Release|Any CPU
		{F7FF665C-27EC-4BF3-84E4-A5569A8CCC5D}.Release|iPhoneSimulator.Deploy.0 = Release|Any CPU
		{F7FF665C-27EC-4BF3-84E4-A5569A8CCC5D}.Release|x64.ActiveCfg = Release|Any CPU
		{F7FF665C-27EC-4BF3-84E4-A5569A8CCC5D}.Release|x64.Build.0 = Release|Any CPU
		{F7FF665C-27EC-4BF3-84E4-A5569A8CCC5D}.Release|x64.Deploy.0 = Release|Any CPU
		{F7FF665C-27EC-4BF3-84E4-A5569A8CCC5D}.Release|x86.ActiveCfg = Release|Any CPU
		{F7FF665C-27EC-4BF3-84E4-A5569A8CCC5D}.Release|x86.Build.0 = Release|Any CPU
		{F7FF665C-27EC-4BF3-84E4-A5569A8CCC5D}.Release|x86.Deploy.0 = Release|Any CPU
		{D9BA3FF4-1A5F-4CD0-9F89-E47168BFC20C}.Ad-Hoc|Any CPU.ActiveCfg = Ad-Hoc|iPhone
		{D9BA3FF4-1A5F-4CD0-9F89-E47168BFC20C}.Ad-Hoc|ARM.ActiveCfg = Ad-Hoc|iPhone
		{D9BA3FF4-1A5F-4CD0-9F89-E47168BFC20C}.Ad-Hoc|iPhone.ActiveCfg = Ad-Hoc|iPhone
		{D9BA3FF4-1A5F-4CD0-9F89-E47168BFC20C}.Ad-Hoc|iPhone.Build.0 = Ad-Hoc|iPhone
		{D9BA3FF4-1A5F-4CD0-9F89-E47168BFC20C}.Ad-Hoc|iPhoneSimulator.ActiveCfg = Ad-Hoc|iPhoneSimulator
		{D9BA3FF4-1A5F-4CD0-9F89-E47168BFC20C}.Ad-Hoc|iPhoneSimulator.Build.0 = Ad-Hoc|iPhoneSimulator
		{D9BA3FF4-1A5F-4CD0-9F89-E47168BFC20C}.Ad-Hoc|x64.ActiveCfg = Ad-Hoc|iPhone
		{D9BA3FF4-1A5F-4CD0-9F89-E47168BFC20C}.Ad-Hoc|x86.ActiveCfg = Ad-Hoc|iPhone
		{D9BA3FF4-1A5F-4CD0-9F89-E47168BFC20C}.AppStore|Any CPU.ActiveCfg = AppStore|iPhone
		{D9BA3FF4-1A5F-4CD0-9F89-E47168BFC20C}.AppStore|ARM.ActiveCfg = AppStore|iPhone
		{D9BA3FF4-1A5F-4CD0-9F89-E47168BFC20C}.AppStore|iPhone.ActiveCfg = AppStore|iPhone
		{D9BA3FF4-1A5F-4CD0-9F89-E47168BFC20C}.AppStore|iPhone.Build.0 = AppStore|iPhone
		{D9BA3FF4-1A5F-4CD0-9F89-E47168BFC20C}.AppStore|iPhoneSimulator.ActiveCfg = AppStore|iPhoneSimulator
		{D9BA3FF4-1A5F-4CD0-9F89-E47168BFC20C}.AppStore|iPhoneSimulator.Build.0 = AppStore|iPhoneSimulator
		{D9BA3FF4-1A5F-4CD0-9F89-E47168BFC20C}.AppStore|x64.ActiveCfg = AppStore|iPhone
		{D9BA3FF4-1A5F-4CD0-9F89-E47168BFC20C}.AppStore|x86.ActiveCfg = AppStore|iPhone
		{D9BA3FF4-1A5F-4CD0-9F89-E47168BFC20C}.Debug|Any CPU.ActiveCfg = Debug|iPhone
		{D9BA3FF4-1A5F-4CD0-9F89-E47168BFC20C}.Debug|ARM.ActiveCfg = Debug|iPhone
		{D9BA3FF4-1A5F-4CD0-9F89-E47168BFC20C}.Debug|iPhone.ActiveCfg = Debug|iPhone
		{D9BA3FF4-1A5F-4CD0-9F89-E47168BFC20C}.Debug|iPhone.Build.0 = Debug|iPhone
		{D9BA3FF4-1A5F-4CD0-9F89-E47168BFC20C}.Debug|iPhoneSimulator.ActiveCfg = Debug|iPhoneSimulator
		{D9BA3FF4-1A5F-4CD0-9F89-E47168BFC20C}.Debug|iPhoneSimulator.Build.0 = Debug|iPhoneSimulator
		{D9BA3FF4-1A5F-4CD0-9F89-E47168BFC20C}.Debug|x64.ActiveCfg = Debug|iPhone
		{D9BA3FF4-1A5F-4CD0-9F89-E47168BFC20C}.Debug|x86.ActiveCfg = Debug|iPhone
		{D9BA3FF4-1A5F-4CD0-9F89-E47168BFC20C}.Release|Any CPU.ActiveCfg = Release|iPhone
		{D9BA3FF4-1A5F-4CD0-9F89-E47168BFC20C}.Release|ARM.ActiveCfg = Release|iPhone
		{D9BA3FF4-1A5F-4CD0-9F89-E47168BFC20C}.Release|iPhone.ActiveCfg = Release|iPhone
		{D9BA3FF4-1A5F-4CD0-9F89-E47168BFC20C}.Release|iPhone.Build.0 = Release|iPhone
		{D9BA3FF4-1A5F-4CD0-9F89-E47168BFC20C}.Release|iPhoneSimulator.ActiveCfg = Release|iPhoneSimulator
		{D9BA3FF4-1A5F-4CD0-9F89-E47168BFC20C}.Release|iPhoneSimulator.Build.0 = Release|iPhoneSimulator
		{D9BA3FF4-1A5F-4CD0-9F89-E47168BFC20C}.Release|x64.ActiveCfg = Release|iPhone
		{D9BA3FF4-1A5F-4CD0-9F89-E47168BFC20C}.Release|x86.ActiveCfg = Release|iPhone
		{1A9F0A19-526E-4706-912E-C94C72DBE4ED}.Ad-Hoc|Any CPU.ActiveCfg = Release|Any CPU
		{1A9F0A19-526E-4706-912E-C94C72DBE4ED}.Ad-Hoc|Any CPU.Build.0 = Release|Any CPU
		{1A9F0A19-526E-4706-912E-C94C72DBE4ED}.Ad-Hoc|Any CPU.Deploy.0 = Release|Any CPU
		{1A9F0A19-526E-4706-912E-C94C72DBE4ED}.Ad-Hoc|ARM.ActiveCfg = Release|ARM
		{1A9F0A19-526E-4706-912E-C94C72DBE4ED}.Ad-Hoc|ARM.Build.0 = Release|ARM
		{1A9F0A19-526E-4706-912E-C94C72DBE4ED}.Ad-Hoc|ARM.Deploy.0 = Release|ARM
		{1A9F0A19-526E-4706-912E-C94C72DBE4ED}.Ad-Hoc|iPhone.ActiveCfg = Release|Any CPU
		{1A9F0A19-526E-4706-912E-C94C72DBE4ED}.Ad-Hoc|iPhone.Build.0 = Release|Any CPU
		{1A9F0A19-526E-4706-912E-C94C72DBE4ED}.Ad-Hoc|iPhone.Deploy.0 = Release|Any CPU
		{1A9F0A19-526E-4706-912E-C94C72DBE4ED}.Ad-Hoc|iPhoneSimulator.ActiveCfg = Release|Any CPU
		{1A9F0A19-526E-4706-912E-C94C72DBE4ED}.Ad-Hoc|iPhoneSimulator.Build.0 = Release|Any CPU
		{1A9F0A19-526E-4706-912E-C94C72DBE4ED}.Ad-Hoc|iPhoneSimulator.Deploy.0 = Release|Any CPU
		{1A9F0A19-526E-4706-912E-C94C72DBE4ED}.Ad-Hoc|x64.ActiveCfg = Release|Any CPU
		{1A9F0A19-526E-4706-912E-C94C72DBE4ED}.Ad-Hoc|x64.Build.0 = Release|Any CPU
		{1A9F0A19-526E-4706-912E-C94C72DBE4ED}.Ad-Hoc|x64.Deploy.0 = Release|Any CPU
		{1A9F0A19-526E-4706-912E-C94C72DBE4ED}.Ad-Hoc|x86.ActiveCfg = Release|x86
		{1A9F0A19-526E-4706-912E-C94C72DBE4ED}.Ad-Hoc|x86.Build.0 = Release|x86
		{1A9F0A19-526E-4706-912E-C94C72DBE4ED}.Ad-Hoc|x86.Deploy.0 = Release|x86
		{1A9F0A19-526E-4706-912E-C94C72DBE4ED}.AppStore|Any CPU.ActiveCfg = Release|Any CPU
		{1A9F0A19-526E-4706-912E-C94C72DBE4ED}.AppStore|Any CPU.Build.0 = Release|Any CPU
		{1A9F0A19-526E-4706-912E-C94C72DBE4ED}.AppStore|Any CPU.Deploy.0 = Release|Any CPU
		{1A9F0A19-526E-4706-912E-C94C72DBE4ED}.AppStore|ARM.ActiveCfg = Release|ARM
		{1A9F0A19-526E-4706-912E-C94C72DBE4ED}.AppStore|ARM.Build.0 = Release|ARM
		{1A9F0A19-526E-4706-912E-C94C72DBE4ED}.AppStore|ARM.Deploy.0 = Release|ARM
		{1A9F0A19-526E-4706-912E-C94C72DBE4ED}.AppStore|iPhone.ActiveCfg = Release|Any CPU
		{1A9F0A19-526E-4706-912E-C94C72DBE4ED}.AppStore|iPhone.Build.0 = Release|Any CPU
		{1A9F0A19-526E-4706-912E-C94C72DBE4ED}.AppStore|iPhone.Deploy.0 = Release|Any CPU
		{1A9F0A19-526E-4706-912E-C94C72DBE4ED}.AppStore|iPhoneSimulator.ActiveCfg = Release|Any CPU
		{1A9F0A19-526E-4706-912E-C94C72DBE4ED}.AppStore|iPhoneSimulator.Build.0 = Release|Any CPU
		{1A9F0A19-526E-4706-912E-C94C72DBE4ED}.AppStore|iPhoneSimulator.Deploy.0 = Release|Any CPU
		{1A9F0A19-526E-4706-912E-C94C72DBE4ED}.AppStore|x64.ActiveCfg = Release|Any CPU
		{1A9F0A19-526E-4706-912E-C94C72DBE4ED}.AppStore|x64.Build.0 = Release|Any CPU
		{1A9F0A19-526E-4706-912E-C94C72DBE4ED}.AppStore|x64.Deploy.0 = Release|Any CPU
		{1A9F0A19-526E-4706-912E-C94C72DBE4ED}.AppStore|x86.ActiveCfg = Release|x86
		{1A9F0A19-526E-4706-912E-C94C72DBE4ED}.AppStore|x86.Build.0 = Release|x86
		{1A9F0A19-526E-4706-912E-C94C72DBE4ED}.AppStore|x86.Deploy.0 = Release|x86
		{1A9F0A19-526E-4706-912E-C94C72DBE4ED}.Debug|Any CPU.ActiveCfg = Debug|Any CPU
		{1A9F0A19-526E-4706-912E-C94C72DBE4ED}.Debug|Any CPU.Build.0 = Debug|Any CPU
		{1A9F0A19-526E-4706-912E-C94C72DBE4ED}.Debug|Any CPU.Deploy.0 = Debug|Any CPU
		{1A9F0A19-526E-4706-912E-C94C72DBE4ED}.Debug|ARM.ActiveCfg = Debug|ARM
		{1A9F0A19-526E-4706-912E-C94C72DBE4ED}.Debug|ARM.Build.0 = Debug|ARM
		{1A9F0A19-526E-4706-912E-C94C72DBE4ED}.Debug|ARM.Deploy.0 = Debug|ARM
		{1A9F0A19-526E-4706-912E-C94C72DBE4ED}.Debug|iPhone.ActiveCfg = Debug|Any CPU
		{1A9F0A19-526E-4706-912E-C94C72DBE4ED}.Debug|iPhone.Build.0 = Debug|Any CPU
		{1A9F0A19-526E-4706-912E-C94C72DBE4ED}.Debug|iPhone.Deploy.0 = Debug|Any CPU
		{1A9F0A19-526E-4706-912E-C94C72DBE4ED}.Debug|iPhoneSimulator.ActiveCfg = Debug|Any CPU
		{1A9F0A19-526E-4706-912E-C94C72DBE4ED}.Debug|iPhoneSimulator.Build.0 = Debug|Any CPU
		{1A9F0A19-526E-4706-912E-C94C72DBE4ED}.Debug|iPhoneSimulator.Deploy.0 = Debug|Any CPU
		{1A9F0A19-526E-4706-912E-C94C72DBE4ED}.Debug|x64.ActiveCfg = Debug|Any CPU
		{1A9F0A19-526E-4706-912E-C94C72DBE4ED}.Debug|x64.Build.0 = Debug|Any CPU
		{1A9F0A19-526E-4706-912E-C94C72DBE4ED}.Debug|x64.Deploy.0 = Debug|Any CPU
		{1A9F0A19-526E-4706-912E-C94C72DBE4ED}.Debug|x86.ActiveCfg = Debug|x86
		{1A9F0A19-526E-4706-912E-C94C72DBE4ED}.Debug|x86.Build.0 = Debug|x86
		{1A9F0A19-526E-4706-912E-C94C72DBE4ED}.Debug|x86.Deploy.0 = Debug|x86
		{1A9F0A19-526E-4706-912E-C94C72DBE4ED}.Release|Any CPU.ActiveCfg = Release|Any CPU
		{1A9F0A19-526E-4706-912E-C94C72DBE4ED}.Release|Any CPU.Build.0 = Release|Any CPU
		{1A9F0A19-526E-4706-912E-C94C72DBE4ED}.Release|Any CPU.Deploy.0 = Release|Any CPU
		{1A9F0A19-526E-4706-912E-C94C72DBE4ED}.Release|ARM.ActiveCfg = Release|ARM
		{1A9F0A19-526E-4706-912E-C94C72DBE4ED}.Release|ARM.Build.0 = Release|ARM
		{1A9F0A19-526E-4706-912E-C94C72DBE4ED}.Release|ARM.Deploy.0 = Release|ARM
		{1A9F0A19-526E-4706-912E-C94C72DBE4ED}.Release|iPhone.ActiveCfg = Release|Any CPU
		{1A9F0A19-526E-4706-912E-C94C72DBE4ED}.Release|iPhone.Build.0 = Release|Any CPU
		{1A9F0A19-526E-4706-912E-C94C72DBE4ED}.Release|iPhone.Deploy.0 = Release|Any CPU
		{1A9F0A19-526E-4706-912E-C94C72DBE4ED}.Release|iPhoneSimulator.ActiveCfg = Release|Any CPU
		{1A9F0A19-526E-4706-912E-C94C72DBE4ED}.Release|iPhoneSimulator.Build.0 = Release|Any CPU
		{1A9F0A19-526E-4706-912E-C94C72DBE4ED}.Release|iPhoneSimulator.Deploy.0 = Release|Any CPU
		{1A9F0A19-526E-4706-912E-C94C72DBE4ED}.Release|x64.ActiveCfg = Release|Any CPU
		{1A9F0A19-526E-4706-912E-C94C72DBE4ED}.Release|x64.Build.0 = Release|Any CPU
		{1A9F0A19-526E-4706-912E-C94C72DBE4ED}.Release|x64.Deploy.0 = Release|Any CPU
		{1A9F0A19-526E-4706-912E-C94C72DBE4ED}.Release|x86.ActiveCfg = Release|x86
		{1A9F0A19-526E-4706-912E-C94C72DBE4ED}.Release|x86.Build.0 = Release|x86
		{1A9F0A19-526E-4706-912E-C94C72DBE4ED}.Release|x86.Deploy.0 = Release|x86
		{BFDC4E07-F1D0-46FB-B48C-D744DA95D545}.Ad-Hoc|Any CPU.ActiveCfg = Release|x86
		{BFDC4E07-F1D0-46FB-B48C-D744DA95D545}.Ad-Hoc|Any CPU.Build.0 = Release|x86
		{BFDC4E07-F1D0-46FB-B48C-D744DA95D545}.Ad-Hoc|Any CPU.Deploy.0 = Release|x86
		{BFDC4E07-F1D0-46FB-B48C-D744DA95D545}.Ad-Hoc|ARM.ActiveCfg = Release|ARM
		{BFDC4E07-F1D0-46FB-B48C-D744DA95D545}.Ad-Hoc|ARM.Build.0 = Release|ARM
		{BFDC4E07-F1D0-46FB-B48C-D744DA95D545}.Ad-Hoc|ARM.Deploy.0 = Release|ARM
		{BFDC4E07-F1D0-46FB-B48C-D744DA95D545}.Ad-Hoc|iPhone.ActiveCfg = Release|x86
		{BFDC4E07-F1D0-46FB-B48C-D744DA95D545}.Ad-Hoc|iPhone.Build.0 = Release|x86
		{BFDC4E07-F1D0-46FB-B48C-D744DA95D545}.Ad-Hoc|iPhone.Deploy.0 = Release|x86
		{BFDC4E07-F1D0-46FB-B48C-D744DA95D545}.Ad-Hoc|iPhoneSimulator.ActiveCfg = Release|x86
		{BFDC4E07-F1D0-46FB-B48C-D744DA95D545}.Ad-Hoc|iPhoneSimulator.Build.0 = Release|x86
		{BFDC4E07-F1D0-46FB-B48C-D744DA95D545}.Ad-Hoc|iPhoneSimulator.Deploy.0 = Release|x86
		{BFDC4E07-F1D0-46FB-B48C-D744DA95D545}.Ad-Hoc|x64.ActiveCfg = Release|x64
		{BFDC4E07-F1D0-46FB-B48C-D744DA95D545}.Ad-Hoc|x64.Build.0 = Release|x64
		{BFDC4E07-F1D0-46FB-B48C-D744DA95D545}.Ad-Hoc|x64.Deploy.0 = Release|x64
		{BFDC4E07-F1D0-46FB-B48C-D744DA95D545}.Ad-Hoc|x86.ActiveCfg = Release|x86
		{BFDC4E07-F1D0-46FB-B48C-D744DA95D545}.Ad-Hoc|x86.Build.0 = Release|x86
		{BFDC4E07-F1D0-46FB-B48C-D744DA95D545}.Ad-Hoc|x86.Deploy.0 = Release|x86
		{BFDC4E07-F1D0-46FB-B48C-D744DA95D545}.AppStore|Any CPU.ActiveCfg = Release|x86
		{BFDC4E07-F1D0-46FB-B48C-D744DA95D545}.AppStore|Any CPU.Build.0 = Release|x86
		{BFDC4E07-F1D0-46FB-B48C-D744DA95D545}.AppStore|Any CPU.Deploy.0 = Release|x86
		{BFDC4E07-F1D0-46FB-B48C-D744DA95D545}.AppStore|ARM.ActiveCfg = Release|ARM
		{BFDC4E07-F1D0-46FB-B48C-D744DA95D545}.AppStore|ARM.Build.0 = Release|ARM
		{BFDC4E07-F1D0-46FB-B48C-D744DA95D545}.AppStore|ARM.Deploy.0 = Release|ARM
		{BFDC4E07-F1D0-46FB-B48C-D744DA95D545}.AppStore|iPhone.ActiveCfg = Release|x86
		{BFDC4E07-F1D0-46FB-B48C-D744DA95D545}.AppStore|iPhone.Build.0 = Release|x86
		{BFDC4E07-F1D0-46FB-B48C-D744DA95D545}.AppStore|iPhone.Deploy.0 = Release|x86
		{BFDC4E07-F1D0-46FB-B48C-D744DA95D545}.AppStore|iPhoneSimulator.ActiveCfg = Release|x86
		{BFDC4E07-F1D0-46FB-B48C-D744DA95D545}.AppStore|iPhoneSimulator.Build.0 = Release|x86
		{BFDC4E07-F1D0-46FB-B48C-D744DA95D545}.AppStore|iPhoneSimulator.Deploy.0 = Release|x86
		{BFDC4E07-F1D0-46FB-B48C-D744DA95D545}.AppStore|x64.ActiveCfg = Release|x64
		{BFDC4E07-F1D0-46FB-B48C-D744DA95D545}.AppStore|x64.Build.0 = Release|x64
		{BFDC4E07-F1D0-46FB-B48C-D744DA95D545}.AppStore|x64.Deploy.0 = Release|x64
		{BFDC4E07-F1D0-46FB-B48C-D744DA95D545}.AppStore|x86.ActiveCfg = Release|x86
		{BFDC4E07-F1D0-46FB-B48C-D744DA95D545}.AppStore|x86.Build.0 = Release|x86
		{BFDC4E07-F1D0-46FB-B48C-D744DA95D545}.AppStore|x86.Deploy.0 = Release|x86
		{BFDC4E07-F1D0-46FB-B48C-D744DA95D545}.Debug|Any CPU.ActiveCfg = Debug|x86
		{BFDC4E07-F1D0-46FB-B48C-D744DA95D545}.Debug|Any CPU.Build.0 = Debug|x86
		{BFDC4E07-F1D0-46FB-B48C-D744DA95D545}.Debug|Any CPU.Deploy.0 = Debug|x86
		{BFDC4E07-F1D0-46FB-B48C-D744DA95D545}.Debug|ARM.ActiveCfg = Debug|ARM
		{BFDC4E07-F1D0-46FB-B48C-D744DA95D545}.Debug|ARM.Build.0 = Debug|ARM
		{BFDC4E07-F1D0-46FB-B48C-D744DA95D545}.Debug|ARM.Deploy.0 = Debug|ARM
		{BFDC4E07-F1D0-46FB-B48C-D744DA95D545}.Debug|iPhone.ActiveCfg = Debug|x86
		{BFDC4E07-F1D0-46FB-B48C-D744DA95D545}.Debug|iPhoneSimulator.ActiveCfg = Debug|x86
		{BFDC4E07-F1D0-46FB-B48C-D744DA95D545}.Debug|x64.ActiveCfg = Debug|x64
		{BFDC4E07-F1D0-46FB-B48C-D744DA95D545}.Debug|x64.Build.0 = Debug|x64
		{BFDC4E07-F1D0-46FB-B48C-D744DA95D545}.Debug|x64.Deploy.0 = Debug|x64
		{BFDC4E07-F1D0-46FB-B48C-D744DA95D545}.Debug|x86.ActiveCfg = Debug|x86
		{BFDC4E07-F1D0-46FB-B48C-D744DA95D545}.Debug|x86.Build.0 = Debug|x86
		{BFDC4E07-F1D0-46FB-B48C-D744DA95D545}.Debug|x86.Deploy.0 = Debug|x86
		{BFDC4E07-F1D0-46FB-B48C-D744DA95D545}.Release|Any CPU.ActiveCfg = Release|x86
		{BFDC4E07-F1D0-46FB-B48C-D744DA95D545}.Release|Any CPU.Build.0 = Release|x86
		{BFDC4E07-F1D0-46FB-B48C-D744DA95D545}.Release|Any CPU.Deploy.0 = Release|x86
		{BFDC4E07-F1D0-46FB-B48C-D744DA95D545}.Release|ARM.ActiveCfg = Release|ARM
		{BFDC4E07-F1D0-46FB-B48C-D744DA95D545}.Release|ARM.Build.0 = Release|ARM
		{BFDC4E07-F1D0-46FB-B48C-D744DA95D545}.Release|ARM.Deploy.0 = Release|ARM
		{BFDC4E07-F1D0-46FB-B48C-D744DA95D545}.Release|iPhone.ActiveCfg = Release|x86
		{BFDC4E07-F1D0-46FB-B48C-D744DA95D545}.Release|iPhoneSimulator.ActiveCfg = Release|x86
		{BFDC4E07-F1D0-46FB-B48C-D744DA95D545}.Release|x64.ActiveCfg = Release|x64
		{BFDC4E07-F1D0-46FB-B48C-D744DA95D545}.Release|x64.Build.0 = Release|x64
		{BFDC4E07-F1D0-46FB-B48C-D744DA95D545}.Release|x64.Deploy.0 = Release|x64
		{BFDC4E07-F1D0-46FB-B48C-D744DA95D545}.Release|x86.ActiveCfg = Release|x86
		{BFDC4E07-F1D0-46FB-B48C-D744DA95D545}.Release|x86.Build.0 = Release|x86
		{BFDC4E07-F1D0-46FB-B48C-D744DA95D545}.Release|x86.Deploy.0 = Release|x86
		{DA41EC59-4FE8-4696-B5B6-39ABBD690FBE}.Ad-Hoc|Any CPU.ActiveCfg = Release|Any CPU
		{DA41EC59-4FE8-4696-B5B6-39ABBD690FBE}.Ad-Hoc|Any CPU.Build.0 = Release|Any CPU
		{DA41EC59-4FE8-4696-B5B6-39ABBD690FBE}.Ad-Hoc|Any CPU.Deploy.0 = Release|Any CPU
		{DA41EC59-4FE8-4696-B5B6-39ABBD690FBE}.Ad-Hoc|ARM.ActiveCfg = Release|ARM
		{DA41EC59-4FE8-4696-B5B6-39ABBD690FBE}.Ad-Hoc|ARM.Build.0 = Release|ARM
		{DA41EC59-4FE8-4696-B5B6-39ABBD690FBE}.Ad-Hoc|ARM.Deploy.0 = Release|ARM
		{DA41EC59-4FE8-4696-B5B6-39ABBD690FBE}.Ad-Hoc|iPhone.ActiveCfg = Release|Any CPU
		{DA41EC59-4FE8-4696-B5B6-39ABBD690FBE}.Ad-Hoc|iPhone.Build.0 = Release|Any CPU
		{DA41EC59-4FE8-4696-B5B6-39ABBD690FBE}.Ad-Hoc|iPhone.Deploy.0 = Release|Any CPU
		{DA41EC59-4FE8-4696-B5B6-39ABBD690FBE}.Ad-Hoc|iPhoneSimulator.ActiveCfg = Release|Any CPU
		{DA41EC59-4FE8-4696-B5B6-39ABBD690FBE}.Ad-Hoc|iPhoneSimulator.Build.0 = Release|Any CPU
		{DA41EC59-4FE8-4696-B5B6-39ABBD690FBE}.Ad-Hoc|iPhoneSimulator.Deploy.0 = Release|Any CPU
		{DA41EC59-4FE8-4696-B5B6-39ABBD690FBE}.Ad-Hoc|x64.ActiveCfg = Release|x64
		{DA41EC59-4FE8-4696-B5B6-39ABBD690FBE}.Ad-Hoc|x64.Build.0 = Release|x64
		{DA41EC59-4FE8-4696-B5B6-39ABBD690FBE}.Ad-Hoc|x64.Deploy.0 = Release|x64
		{DA41EC59-4FE8-4696-B5B6-39ABBD690FBE}.Ad-Hoc|x86.ActiveCfg = Release|x86
		{DA41EC59-4FE8-4696-B5B6-39ABBD690FBE}.Ad-Hoc|x86.Build.0 = Release|x86
		{DA41EC59-4FE8-4696-B5B6-39ABBD690FBE}.Ad-Hoc|x86.Deploy.0 = Release|x86
		{DA41EC59-4FE8-4696-B5B6-39ABBD690FBE}.AppStore|Any CPU.ActiveCfg = Release|Any CPU
		{DA41EC59-4FE8-4696-B5B6-39ABBD690FBE}.AppStore|Any CPU.Build.0 = Release|Any CPU
		{DA41EC59-4FE8-4696-B5B6-39ABBD690FBE}.AppStore|Any CPU.Deploy.0 = Release|Any CPU
		{DA41EC59-4FE8-4696-B5B6-39ABBD690FBE}.AppStore|ARM.ActiveCfg = Release|ARM
		{DA41EC59-4FE8-4696-B5B6-39ABBD690FBE}.AppStore|ARM.Build.0 = Release|ARM
		{DA41EC59-4FE8-4696-B5B6-39ABBD690FBE}.AppStore|ARM.Deploy.0 = Release|ARM
		{DA41EC59-4FE8-4696-B5B6-39ABBD690FBE}.AppStore|iPhone.ActiveCfg = Release|Any CPU
		{DA41EC59-4FE8-4696-B5B6-39ABBD690FBE}.AppStore|iPhone.Build.0 = Release|Any CPU
		{DA41EC59-4FE8-4696-B5B6-39ABBD690FBE}.AppStore|iPhone.Deploy.0 = Release|Any CPU
		{DA41EC59-4FE8-4696-B5B6-39ABBD690FBE}.AppStore|iPhoneSimulator.ActiveCfg = Release|Any CPU
		{DA41EC59-4FE8-4696-B5B6-39ABBD690FBE}.AppStore|iPhoneSimulator.Build.0 = Release|Any CPU
		{DA41EC59-4FE8-4696-B5B6-39ABBD690FBE}.AppStore|iPhoneSimulator.Deploy.0 = Release|Any CPU
		{DA41EC59-4FE8-4696-B5B6-39ABBD690FBE}.AppStore|x64.ActiveCfg = Release|x64
		{DA41EC59-4FE8-4696-B5B6-39ABBD690FBE}.AppStore|x64.Build.0 = Release|x64
		{DA41EC59-4FE8-4696-B5B6-39ABBD690FBE}.AppStore|x64.Deploy.0 = Release|x64
		{DA41EC59-4FE8-4696-B5B6-39ABBD690FBE}.AppStore|x86.ActiveCfg = Release|x86
		{DA41EC59-4FE8-4696-B5B6-39ABBD690FBE}.AppStore|x86.Build.0 = Release|x86
		{DA41EC59-4FE8-4696-B5B6-39ABBD690FBE}.AppStore|x86.Deploy.0 = Release|x86
		{DA41EC59-4FE8-4696-B5B6-39ABBD690FBE}.Debug|Any CPU.ActiveCfg = Debug|Any CPU
		{DA41EC59-4FE8-4696-B5B6-39ABBD690FBE}.Debug|Any CPU.Build.0 = Debug|Any CPU
		{DA41EC59-4FE8-4696-B5B6-39ABBD690FBE}.Debug|Any CPU.Deploy.0 = Debug|Any CPU
		{DA41EC59-4FE8-4696-B5B6-39ABBD690FBE}.Debug|ARM.ActiveCfg = Debug|ARM
		{DA41EC59-4FE8-4696-B5B6-39ABBD690FBE}.Debug|ARM.Build.0 = Debug|ARM
		{DA41EC59-4FE8-4696-B5B6-39ABBD690FBE}.Debug|ARM.Deploy.0 = Debug|ARM
		{DA41EC59-4FE8-4696-B5B6-39ABBD690FBE}.Debug|iPhone.ActiveCfg = Debug|Any CPU
		{DA41EC59-4FE8-4696-B5B6-39ABBD690FBE}.Debug|iPhone.Build.0 = Debug|Any CPU
		{DA41EC59-4FE8-4696-B5B6-39ABBD690FBE}.Debug|iPhone.Deploy.0 = Debug|Any CPU
		{DA41EC59-4FE8-4696-B5B6-39ABBD690FBE}.Debug|iPhoneSimulator.ActiveCfg = Debug|Any CPU
		{DA41EC59-4FE8-4696-B5B6-39ABBD690FBE}.Debug|iPhoneSimulator.Build.0 = Debug|Any CPU
		{DA41EC59-4FE8-4696-B5B6-39ABBD690FBE}.Debug|iPhoneSimulator.Deploy.0 = Debug|Any CPU
		{DA41EC59-4FE8-4696-B5B6-39ABBD690FBE}.Debug|x64.ActiveCfg = Debug|x64
		{DA41EC59-4FE8-4696-B5B6-39ABBD690FBE}.Debug|x64.Build.0 = Debug|x64
		{DA41EC59-4FE8-4696-B5B6-39ABBD690FBE}.Debug|x64.Deploy.0 = Debug|x64
		{DA41EC59-4FE8-4696-B5B6-39ABBD690FBE}.Debug|x86.ActiveCfg = Debug|x86
		{DA41EC59-4FE8-4696-B5B6-39ABBD690FBE}.Debug|x86.Build.0 = Debug|x86
		{DA41EC59-4FE8-4696-B5B6-39ABBD690FBE}.Debug|x86.Deploy.0 = Debug|x86
		{DA41EC59-4FE8-4696-B5B6-39ABBD690FBE}.Release|Any CPU.ActiveCfg = Release|Any CPU
		{DA41EC59-4FE8-4696-B5B6-39ABBD690FBE}.Release|Any CPU.Build.0 = Release|Any CPU
		{DA41EC59-4FE8-4696-B5B6-39ABBD690FBE}.Release|Any CPU.Deploy.0 = Release|Any CPU
		{DA41EC59-4FE8-4696-B5B6-39ABBD690FBE}.Release|ARM.ActiveCfg = Release|ARM
		{DA41EC59-4FE8-4696-B5B6-39ABBD690FBE}.Release|ARM.Build.0 = Release|ARM
		{DA41EC59-4FE8-4696-B5B6-39ABBD690FBE}.Release|ARM.Deploy.0 = Release|ARM
		{DA41EC59-4FE8-4696-B5B6-39ABBD690FBE}.Release|iPhone.ActiveCfg = Release|Any CPU
		{DA41EC59-4FE8-4696-B5B6-39ABBD690FBE}.Release|iPhone.Build.0 = Release|Any CPU
		{DA41EC59-4FE8-4696-B5B6-39ABBD690FBE}.Release|iPhone.Deploy.0 = Release|Any CPU
		{DA41EC59-4FE8-4696-B5B6-39ABBD690FBE}.Release|iPhoneSimulator.ActiveCfg = Release|Any CPU
		{DA41EC59-4FE8-4696-B5B6-39ABBD690FBE}.Release|iPhoneSimulator.Build.0 = Release|Any CPU
		{DA41EC59-4FE8-4696-B5B6-39ABBD690FBE}.Release|iPhoneSimulator.Deploy.0 = Release|Any CPU
		{DA41EC59-4FE8-4696-B5B6-39ABBD690FBE}.Release|x64.ActiveCfg = Release|x64
		{DA41EC59-4FE8-4696-B5B6-39ABBD690FBE}.Release|x64.Build.0 = Release|x64
		{DA41EC59-4FE8-4696-B5B6-39ABBD690FBE}.Release|x64.Deploy.0 = Release|x64
		{DA41EC59-4FE8-4696-B5B6-39ABBD690FBE}.Release|x86.ActiveCfg = Release|x86
		{DA41EC59-4FE8-4696-B5B6-39ABBD690FBE}.Release|x86.Build.0 = Release|x86
		{DA41EC59-4FE8-4696-B5B6-39ABBD690FBE}.Release|x86.Deploy.0 = Release|x86
		{5D771079-D58F-479B-92A7-2249D100C66B}.Ad-Hoc|Any CPU.ActiveCfg = Release|Any CPU
		{5D771079-D58F-479B-92A7-2249D100C66B}.Ad-Hoc|Any CPU.Build.0 = Release|Any CPU
		{5D771079-D58F-479B-92A7-2249D100C66B}.Ad-Hoc|ARM.ActiveCfg = Release|Any CPU
		{5D771079-D58F-479B-92A7-2249D100C66B}.Ad-Hoc|ARM.Build.0 = Release|Any CPU
		{5D771079-D58F-479B-92A7-2249D100C66B}.Ad-Hoc|iPhone.ActiveCfg = Release|Any CPU
		{5D771079-D58F-479B-92A7-2249D100C66B}.Ad-Hoc|iPhone.Build.0 = Release|Any CPU
		{5D771079-D58F-479B-92A7-2249D100C66B}.Ad-Hoc|iPhoneSimulator.ActiveCfg = Release|Any CPU
		{5D771079-D58F-479B-92A7-2249D100C66B}.Ad-Hoc|iPhoneSimulator.Build.0 = Release|Any CPU
		{5D771079-D58F-479B-92A7-2249D100C66B}.Ad-Hoc|x64.ActiveCfg = Release|Any CPU
		{5D771079-D58F-479B-92A7-2249D100C66B}.Ad-Hoc|x64.Build.0 = Release|Any CPU
		{5D771079-D58F-479B-92A7-2249D100C66B}.Ad-Hoc|x86.ActiveCfg = Release|Any CPU
		{5D771079-D58F-479B-92A7-2249D100C66B}.Ad-Hoc|x86.Build.0 = Release|Any CPU
		{5D771079-D58F-479B-92A7-2249D100C66B}.AppStore|Any CPU.ActiveCfg = Release|Any CPU
		{5D771079-D58F-479B-92A7-2249D100C66B}.AppStore|Any CPU.Build.0 = Release|Any CPU
		{5D771079-D58F-479B-92A7-2249D100C66B}.AppStore|ARM.ActiveCfg = Release|Any CPU
		{5D771079-D58F-479B-92A7-2249D100C66B}.AppStore|ARM.Build.0 = Release|Any CPU
		{5D771079-D58F-479B-92A7-2249D100C66B}.AppStore|iPhone.ActiveCfg = Release|Any CPU
		{5D771079-D58F-479B-92A7-2249D100C66B}.AppStore|iPhone.Build.0 = Release|Any CPU
		{5D771079-D58F-479B-92A7-2249D100C66B}.AppStore|iPhoneSimulator.ActiveCfg = Release|Any CPU
		{5D771079-D58F-479B-92A7-2249D100C66B}.AppStore|iPhoneSimulator.Build.0 = Release|Any CPU
		{5D771079-D58F-479B-92A7-2249D100C66B}.AppStore|x64.ActiveCfg = Release|Any CPU
		{5D771079-D58F-479B-92A7-2249D100C66B}.AppStore|x64.Build.0 = Release|Any CPU
		{5D771079-D58F-479B-92A7-2249D100C66B}.AppStore|x86.ActiveCfg = Release|Any CPU
		{5D771079-D58F-479B-92A7-2249D100C66B}.AppStore|x86.Build.0 = Release|Any CPU
		{5D771079-D58F-479B-92A7-2249D100C66B}.Debug|Any CPU.ActiveCfg = Debug|Any CPU
		{5D771079-D58F-479B-92A7-2249D100C66B}.Debug|Any CPU.Build.0 = Debug|Any CPU
		{5D771079-D58F-479B-92A7-2249D100C66B}.Debug|ARM.ActiveCfg = Debug|Any CPU
		{5D771079-D58F-479B-92A7-2249D100C66B}.Debug|ARM.Build.0 = Debug|Any CPU
		{5D771079-D58F-479B-92A7-2249D100C66B}.Debug|iPhone.ActiveCfg = Debug|Any CPU
		{5D771079-D58F-479B-92A7-2249D100C66B}.Debug|iPhone.Build.0 = Debug|Any CPU
		{5D771079-D58F-479B-92A7-2249D100C66B}.Debug|iPhoneSimulator.ActiveCfg = Debug|Any CPU
		{5D771079-D58F-479B-92A7-2249D100C66B}.Debug|iPhoneSimulator.Build.0 = Debug|Any CPU
		{5D771079-D58F-479B-92A7-2249D100C66B}.Debug|x64.ActiveCfg = Debug|Any CPU
		{5D771079-D58F-479B-92A7-2249D100C66B}.Debug|x64.Build.0 = Debug|Any CPU
		{5D771079-D58F-479B-92A7-2249D100C66B}.Debug|x86.ActiveCfg = Debug|Any CPU
		{5D771079-D58F-479B-92A7-2249D100C66B}.Debug|x86.Build.0 = Debug|Any CPU
		{5D771079-D58F-479B-92A7-2249D100C66B}.Release|Any CPU.ActiveCfg = Release|Any CPU
		{5D771079-D58F-479B-92A7-2249D100C66B}.Release|Any CPU.Build.0 = Release|Any CPU
		{5D771079-D58F-479B-92A7-2249D100C66B}.Release|ARM.ActiveCfg = Release|Any CPU
		{5D771079-D58F-479B-92A7-2249D100C66B}.Release|ARM.Build.0 = Release|Any CPU
		{5D771079-D58F-479B-92A7-2249D100C66B}.Release|iPhone.ActiveCfg = Release|Any CPU
		{5D771079-D58F-479B-92A7-2249D100C66B}.Release|iPhone.Build.0 = Release|Any CPU
		{5D771079-D58F-479B-92A7-2249D100C66B}.Release|iPhoneSimulator.ActiveCfg = Release|Any CPU
		{5D771079-D58F-479B-92A7-2249D100C66B}.Release|iPhoneSimulator.Build.0 = Release|Any CPU
		{5D771079-D58F-479B-92A7-2249D100C66B}.Release|x64.ActiveCfg = Release|Any CPU
		{5D771079-D58F-479B-92A7-2249D100C66B}.Release|x64.Build.0 = Release|Any CPU
		{5D771079-D58F-479B-92A7-2249D100C66B}.Release|x86.ActiveCfg = Release|Any CPU
		{5D771079-D58F-479B-92A7-2249D100C66B}.Release|x86.Build.0 = Release|Any CPU
	EndGlobalSection
	GlobalSection(SolutionProperties) = preSolution
		HideSolutionNode = FALSE
	EndGlobalSection
	GlobalSection(NestedProjects) = preSolution
		{C93DD149-E4A7-4CCE-A644-7C6EBF310D99} = {E9C27ED4-BF99-4B16-AA68-7C10329840E0}
		{D48D456C-42D7-40D9-AC0A-8156D1C1CF09} = {191A3955-E115-4149-B2BB-0752A9F2434B}
		{7265A21C-8B4D-49F3-941E-BCAA2B4CDE88} = {191A3955-E115-4149-B2BB-0752A9F2434B}
		{F7FF665C-27EC-4BF3-84E4-A5569A8CCC5D} = {1BD419B8-CA93-47C2-84F9-AC7EA14AC41D}
		{D9BA3FF4-1A5F-4CD0-9F89-E47168BFC20C} = {1BD419B8-CA93-47C2-84F9-AC7EA14AC41D}
		{1A9F0A19-526E-4706-912E-C94C72DBE4ED} = {1BD419B8-CA93-47C2-84F9-AC7EA14AC41D}
		{BFDC4E07-F1D0-46FB-B48C-D744DA95D545} = {1BD419B8-CA93-47C2-84F9-AC7EA14AC41D}
		{DA41EC59-4FE8-4696-B5B6-39ABBD690FBE} = {1BD419B8-CA93-47C2-84F9-AC7EA14AC41D}
		{5D771079-D58F-479B-92A7-2249D100C66B} = {1BD419B8-CA93-47C2-84F9-AC7EA14AC41D}
	EndGlobalSection
EndGlobal
